{
  "nodes": {
    "dressing-nvim": {
      "flake": false,
      "locked": {
        "lastModified": 1706493651,
        "narHash": "sha256-Y+ABLhb3GIaPKOuQzkxsZsTo1WfgURAYVioP/eCSp/Y=",
        "owner": "stevearc",
        "repo": "dressing.nvim",
        "rev": "6f212262061a2120e42da0d1e87326e8a41c0478",
        "type": "github"
      },
      "original": {
        "owner": "stevearc",
        "repo": "dressing.nvim",
        "type": "github"
      }
    },
    "flake-compat": {
      "flake": false,
      "locked": {
        "lastModified": 1673956053,
        "narHash": "sha256-4gtG9iQuiKITOjNQQeQIpoIB6b16fm+504Ch3sNKLd8=",
        "owner": "edolstra",
        "repo": "flake-compat",
        "rev": "35bb57c0c8d8b62bbfd284272c928ceb64ddbde9",
        "type": "github"
      },
      "original": {
        "owner": "edolstra",
        "repo": "flake-compat",
        "type": "github"
      }
    },
    "flake-parts": {
      "inputs": {
        "nixpkgs-lib": "nixpkgs-lib"
      },
      "locked": {
        "lastModified": 1706569497,
        "narHash": "sha256-oixb0IDb5eZYw6BaVr/R/1pSoMh4rfJHkVnlgeRIeZs=",
        "owner": "hercules-ci",
        "repo": "flake-parts",
        "rev": "60c614008eed1d0383d21daac177a3e036192ed8",
        "type": "github"
      },
      "original": {
        "owner": "hercules-ci",
        "repo": "flake-parts",
        "type": "github"
      }
    },
    "flake-parts_2": {
      "inputs": {
        "nixpkgs-lib": [
          "nixvim",
          "nixpkgs"
        ]
      },
      "locked": {
        "lastModified": 1704152458,
        "narHash": "sha256-DS+dGw7SKygIWf9w4eNBUZsK+4Ug27NwEWmn2tnbycg=",
        "owner": "hercules-ci",
        "repo": "flake-parts",
        "rev": "88a2cd8166694ba0b6cb374700799cec53aef527",
        "type": "github"
      },
      "original": {
        "owner": "hercules-ci",
        "repo": "flake-parts",
        "type": "github"
      }
    },
    "flake-utils": {
      "inputs": {
        "systems": "systems"
      },
      "locked": {
        "lastModified": 1685518550,
        "narHash": "sha256-o2d0KcvaXzTrPRIo0kOLV0/QXHhDQ5DTi+OxcjO8xqY=",
        "owner": "numtide",
        "repo": "flake-utils",
        "rev": "a1720a10a6cfe8234c0e93907ffe81be440f4cef",
        "type": "github"
      },
      "original": {
        "owner": "numtide",
        "repo": "flake-utils",
        "type": "github"
      }
    },
    "friendly-snippets": {
      "flake": false,
      "locked": {
        "lastModified": 1706528225,
        "narHash": "sha256-tIWZGunN4SzFYKvX5hVkIKYcaH7yuJ4rfjNYk+076PI=",
        "owner": "rafamadriz",
        "repo": "friendly-snippets",
        "rev": "b8fae73a479ae0a1c54f5c98fa687ae8a0addc53",
        "type": "github"
      },
      "original": {
        "owner": "rafamadriz",
        "repo": "friendly-snippets",
        "type": "github"
      }
    },
    "gitignore": {
      "inputs": {
        "nixpkgs": [
          "nixvim",
          "pre-commit-hooks",
          "nixpkgs"
        ]
      },
      "locked": {
        "lastModified": 1660459072,
        "narHash": "sha256-8DFJjXG8zqoONA1vXtgeKXy68KdJL5UaXR8NtVMUbx8=",
        "owner": "hercules-ci",
        "repo": "gitignore.nix",
        "rev": "a20de23b925fd8264fd7fad6454652e142fd7f73",
        "type": "github"
      },
      "original": {
        "owner": "hercules-ci",
        "repo": "gitignore.nix",
        "type": "github"
      }
    },
    "headlines-nvim": {
      "flake": false,
      "locked": {
        "lastModified": 1699842954,
        "narHash": "sha256-Iv5NZxjGTfcbat4Cre0Y4mqlxpxdjA98Jg6fMIr3nak=",
        "owner": "lukas-reineke",
        "repo": "headlines.nvim",
        "rev": "e3d7bfdf40e41a020d966d35f8b48d75b90367d2",
        "type": "github"
      },
      "original": {
        "owner": "lukas-reineke",
        "repo": "headlines.nvim",
        "type": "github"
      }
    },
    "home-manager": {
      "inputs": {
        "nixpkgs": [
          "nixvim",
          "nixpkgs"
        ]
      },
      "locked": {
        "lastModified": 1704498488,
        "narHash": "sha256-yINKdShHrtjdiJhov+q0s3Y3B830ujRoSbHduUNyKag=",
        "owner": "nix-community",
        "repo": "home-manager",
        "rev": "51e44a13acea71b36245e8bd8c7db53e0a3e61ee",
        "type": "github"
      },
      "original": {
        "owner": "nix-community",
        "repo": "home-manager",
        "type": "github"
      }
    },
    "nix-darwin": {
      "inputs": {
        "nixpkgs": [
          "nixvim",
          "nixpkgs"
        ]
      },
      "locked": {
        "lastModified": 1704277720,
        "narHash": "sha256-meAKNgmh3goankLGWqqpw73pm9IvXjEENJloF0coskE=",
        "owner": "lnl7",
        "repo": "nix-darwin",
        "rev": "0dd382b70c351f528561f71a0a7df82c9d2be9a4",
        "type": "github"
      },
      "original": {
        "owner": "lnl7",
        "repo": "nix-darwin",
        "type": "github"
      }
    },
    "nixpkgs": {
      "locked": {
        "lastModified": 1706371002,
        "narHash": "sha256-dwuorKimqSYgyu8Cw6ncKhyQjUDOyuXoxDTVmAXq88s=",
        "owner": "nixos",
        "repo": "nixpkgs",
        "rev": "c002c6aa977ad22c60398daaa9be52f2203d0006",
        "type": "github"
      },
      "original": {
        "owner": "nixos",
        "ref": "nixos-unstable",
        "repo": "nixpkgs",
        "type": "github"
      }
    },
    "nixpkgs-lib": {
      "locked": {
        "dir": "lib",
        "lastModified": 1703961334,
        "narHash": "sha256-M1mV/Cq+pgjk0rt6VxoyyD+O8cOUiai8t9Q6Yyq4noY=",
        "owner": "NixOS",
        "repo": "nixpkgs",
        "rev": "b0d36bd0a420ecee3bc916c91886caca87c894e9",
        "type": "github"
      },
      "original": {
        "dir": "lib",
        "owner": "NixOS",
        "ref": "nixos-unstable",
        "repo": "nixpkgs",
        "type": "github"
      }
    },
    "nixpkgs_2": {
      "locked": {
        "lastModified": 1704538339,
        "narHash": "sha256-1734d3mQuux9ySvwf6axRWZRBhtcZA9Q8eftD6EZg6U=",
        "owner": "NixOS",
        "repo": "nixpkgs",
        "rev": "46ae0210ce163b3cba6c7da08840c1d63de9c701",
        "type": "github"
      },
      "original": {
        "owner": "NixOS",
        "ref": "nixos-unstable",
        "repo": "nixpkgs",
        "type": "github"
      }
    },
    "nixvim": {
      "inputs": {
        "flake-parts": "flake-parts_2",
        "home-manager": "home-manager",
        "nix-darwin": "nix-darwin",
        "nixpkgs": "nixpkgs_2",
        "pre-commit-hooks": "pre-commit-hooks"
      },
      "locked": {
        "lastModified": 1705333192,
        "narHash": "sha256-Cxxx2VrfTMdSzPPGVFe857TENmk9Qhg6UNWm1HcqRcU=",
        "owner": "wizardlink",
        "repo": "nixvim",
        "rev": "228ba9b804ffa2ce5f57483ac64a2fc7ce336d2a",
        "type": "github"
      },
      "original": {
        "owner": "wizardlink",
        "repo": "nixvim",
        "type": "github"
      }
    },
    "omnisharp-extended-lsp": {
      "flake": false,
      "locked": {
        "lastModified": 1703496723,
        "narHash": "sha256-vn3LExMNCBYTgR9q0Gy2hvUoJcMFsBMvjaeBcMv369c=",
        "owner": "Hoffs",
        "repo": "omnisharp-extended-lsp.nvim",
        "rev": "4be2e8689067494ed7e5a4f1221adc31d1a07783",
        "type": "github"
      },
      "original": {
        "owner": "Hoffs",
        "repo": "omnisharp-extended-lsp.nvim",
        "type": "github"
      }
    },
    "pre-commit-hooks": {
      "inputs": {
        "flake-compat": "flake-compat",
        "flake-utils": "flake-utils",
        "gitignore": "gitignore",
        "nixpkgs": [
          "nixvim",
          "nixpkgs"
        ],
        "nixpkgs-stable": [
          "nixvim",
          "nixpkgs"
        ]
      },
      "locked": {
        "lastModified": 1704668415,
        "narHash": "sha256-BMzNHFod53iiU4lkR5WHwqQCFmaCLq85sUCskXneXlA=",
        "owner": "cachix",
        "repo": "pre-commit-hooks.nix",
        "rev": "44493e2b3c3ebcd39a9947e9ed9f2c2af164ec4c",
        "type": "github"
      },
      "original": {
        "owner": "cachix",
        "repo": "pre-commit-hooks.nix",
        "type": "github"
      }
    },
    "root": {
      "inputs": {
        "dressing-nvim": "dressing-nvim",
        "flake-parts": "flake-parts",
        "friendly-snippets": "friendly-snippets",
        "headlines-nvim": "headlines-nvim",
        "nixpkgs": "nixpkgs",
        "nixvim": "nixvim",
        "omnisharp-extended-lsp": "omnisharp-extended-lsp",
        "rustaceanvim": "rustaceanvim",
        "schemastore-nvim": "schemastore-nvim",
        "transparent-nvim": "transparent-nvim"
      }
    },
    "rustaceanvim": {
      "flake": false,
      "locked": {
        "lastModified": 1706631621,
        "narHash": "sha256-nFDfeM1FJmPIR5ait+JwFmzGHhkfTSAdIOrU/AUDDOA=",
        "owner": "mrcjkb",
        "repo": "rustaceanvim",
        "rev": "13d4e81629f9a92a18c05208110ea7e7f8a6f58c",
        "type": "github"
      },
      "original": {
        "owner": "mrcjkb",
        "repo": "rustaceanvim",
        "type": "github"
      }
    },
    "schemastore-nvim": {
      "flake": false,
      "locked": {
        "lastModified": 1706475642,
        "narHash": "sha256-qCaJrsQIkMqSDU4LPU1PdXnLWIpn7s5GheR4LbEazQA=",
        "owner": "b0o",
        "repo": "SchemaStore.nvim",
        "rev": "11d661ae5e08f19b5256661a6491a66fa26cdcfc",
        "type": "github"
      },
      "original": {
        "owner": "b0o",
        "repo": "SchemaStore.nvim",
        "type": "github"
      }
    },
    "systems": {
      "locked": {
        "lastModified": 1681028828,
        "narHash": "sha256-Vy1rq5AaRuLzOxct8nz4T6wlgyUR7zLU309k9mBC768=",
        "owner": "nix-systems",
        "repo": "default",
        "rev": "da67096a3b9bf56a91d16901293e51ba5b49a27e",
        "type": "github"
      },
      "original": {
        "owner": "nix-systems",
        "repo": "default",
        "type": "github"
      }
    },
    "transparent-nvim": {
      "flake": false,
      "locked": {
        "lastModified": 1699805216,
        "narHash": "sha256-wT+7rmp08r0XYGp+MhjJX8dsFTar8+nf10CV9OdkOSk=",
        "owner": "xiyaowong",
        "repo": "transparent.nvim",
        "rev": "fd35a46f4b7c1b244249266bdcb2da3814f01724",
        "type": "github"
      },
      "original": {
        "owner": "xiyaowong",
        "repo": "transparent.nvim",
        "type": "github"
      }
    }
  },
  "root": "root",
  "version": 7
}
